
Microsoft Visual Studio Solution File, Format Version 12.00
# Visual Studio Version 17
VisualStudioVersion = 17.1.32319.34
MinimumVisualStudioVersion = 10.0.40219.1
Project("{9A19103F-16F7-4668-BE54-9A1E7A4F7556}") = "MVC_CRUD", "MVC_CRUD.csproj", "{05E6F2CD-EA50-4228-9E14-711811A1331B}"
EndProject
Project("{FAE04EC0-301F-11D3-BF4B-00C04F79EFBC}") = "MVC_CRUD.DataAccess", "..\DataAccess\MVC_CRUD.DataAccess.csproj", "{2D593602-0EDE-4DAD-A5EE-2DF160CCB5F1}"
EndProject
Project("{FAE04EC0-301F-11D3-BF4B-00C04F79EFBC}") = "MVC_CRUD.Models", "..\ClassLibrary1\MVC_CRUD.Models.csproj", "{00892065-66B9-492C-AF85-B2F7009AEBC4}"
EndProject
Project("{FAE04EC0-301F-11D3-BF4B-00C04F79EFBC}") = "Utility", "..\Utility\Utility.csproj", "{EE849E61-D329-4AA5-B082-BC0B09D80B54}"
EndProject
Global
	GlobalSection(SolutionConfigurationPlatforms) = preSolution
		Debug|Any CPU = Debug|Any CPU
		Release|Any CPU = Release|Any CPU
	EndGlobalSection
	GlobalSection(ProjectConfigurationPlatforms) = postSolution
		{05E6F2CD-EA50-4228-9E14-711811A1331B}.Debug|Any CPU.ActiveCfg = Debug|Any CPU
		{05E6F2CD-EA50-4228-9E14-711811A1331B}.Debug|Any CPU.Build.0 = Debug|Any CPU
		{05E6F2CD-EA50-4228-9E14-711811A1331B}.Release|Any CPU.ActiveCfg = Release|Any CPU
		{05E6F2CD-EA50-4228-9E14-711811A1331B}.Release|Any CPU.Build.0 = Release|Any CPU
		{2D593602-0EDE-4DAD-A5EE-2DF160CCB5F1}.Debug|Any CPU.ActiveCfg = Debug|Any CPU
		{2D593602-0EDE-4DAD-A5EE-2DF160CCB5F1}.Debug|Any CPU.Build.0 = Debug|Any CPU
		{2D593602-0EDE-4DAD-A5EE-2DF160CCB5F1}.Release|Any CPU.ActiveCfg = Release|Any CPU
		{2D593602-0EDE-4DAD-A5EE-2DF160CCB5F1}.Release|Any CPU.Build.0 = Release|Any CPU
		{00892065-66B9-492C-AF85-B2F7009AEBC4}.Debug|Any CPU.ActiveCfg = Debug|Any CPU
		{00892065-66B9-492C-AF85-B2F7009AEBC4}.Debug|Any CPU.Build.0 = Debug|Any CPU
		{00892065-66B9-492C-AF85-B2F7009AEBC4}.Release|Any CPU.ActiveCfg = Release|Any CPU
		{00892065-66B9-492C-AF85-B2F7009AEBC4}.Release|Any CPU.Build.0 = Release|Any CPU
		{EE849E61-D329-4AA5-B082-BC0B09D80B54}.Debug|Any CPU.ActiveCfg = Debug|Any CPU
		{EE849E61-D329-4AA5-B082-BC0B09D80B54}.Debug|Any CPU.Build.0 = Debug|Any CPU
		{EE849E61-D329-4AA5-B082-BC0B09D80B54}.Release|Any CPU.ActiveCfg = Release|Any CPU
		{EE849E61-D329-4AA5-B082-BC0B09D80B54}.Release|Any CPU.Build.0 = Release|Any CPU
	EndGlobalSection
	GlobalSection(SolutionProperties) = preSolution
		HideSolutionNode = FALSE
	EndGlobalSection
	GlobalSection(ExtensibilityGlobals) = postSolution
		SolutionGuid = {DBFE0CD5-7129-4F48-BAB7-EEF6A1431682}
	EndGlobalSection
EndGlobal
